
Microsoft Visual Studio Solution File, Format Version 12.00
# Visual Studio Version 17
VisualStudioVersion = 17.9.34902.65
MinimumVisualStudioVersion = 10.0.40219.1
Project("{2150E333-8FDC-42A3-9474-1A3956D46DE8}") = "Core", "Core", "{08D39C2F-514E-43DC-9985-F0FC9D893540}"
EndProject
Project("{2150E333-8FDC-42A3-9474-1A3956D46DE8}") = "External", "External", "{1DF1DC95-32E6-4A38-867D-AE08398DC766}"
EndProject
Project("{9A19103F-16F7-4668-BE54-9A1E7A4F7556}") = "ConcessionariaApp.Application", "ConcessionariaApp.Application\ConcessionariaApp.Application.csproj", "{B6F7C5DB-F1F6-4E58-AEA5-D506DA6B0A36}"
EndProject
Project("{9A19103F-16F7-4668-BE54-9A1E7A4F7556}") = "ConcessionariaApp.Domain", "ConcessionariaApp.Domain\ConcessionariaApp.Domain.csproj", "{50686B93-3474-44F4-A8F9-44C21D2DDB5E}"
EndProject
Project("{9A19103F-16F7-4668-BE54-9A1E7A4F7556}") = "ConcessionariaApp.Infrastructure", "ConcessionariaApp.Infrastructure\ConcessionariaApp.Infrastructure.csproj", "{0B38082E-8795-407E-BCC9-963BF493FCE7}"
EndProject
Project("{9A19103F-16F7-4668-BE54-9A1E7A4F7556}") = "ConcessionariaApp.IoC", "ConcessionariaApp.IoC\ConcessionariaApp.IoC.csproj", "{0192DEC6-4FC1-4C79-B38C-A7390EA067DE}"
EndProject
Project("{9A19103F-16F7-4668-BE54-9A1E7A4F7556}") = "ConcessionariaApp.MVC", "ConcessionariaApp.MVC\ConcessionariaApp.MVC.csproj", "{C150DE7B-99E2-44A1-B7F0-66D575F15182}"
EndProject
Global
	GlobalSection(SolutionConfigurationPlatforms) = preSolution
		Debug|Any CPU = Debug|Any CPU
		Release|Any CPU = Release|Any CPU
	EndGlobalSection
	GlobalSection(ProjectConfigurationPlatforms) = postSolution
		{B6F7C5DB-F1F6-4E58-AEA5-D506DA6B0A36}.Debug|Any CPU.ActiveCfg = Debug|Any CPU
		{B6F7C5DB-F1F6-4E58-AEA5-D506DA6B0A36}.Debug|Any CPU.Build.0 = Debug|Any CPU
		{B6F7C5DB-F1F6-4E58-AEA5-D506DA6B0A36}.Release|Any CPU.ActiveCfg = Release|Any CPU
		{B6F7C5DB-F1F6-4E58-AEA5-D506DA6B0A36}.Release|Any CPU.Build.0 = Release|Any CPU
		{50686B93-3474-44F4-A8F9-44C21D2DDB5E}.Debug|Any CPU.ActiveCfg = Debug|Any CPU
		{50686B93-3474-44F4-A8F9-44C21D2DDB5E}.Debug|Any CPU.Build.0 = Debug|Any CPU
		{50686B93-3474-44F4-A8F9-44C21D2DDB5E}.Release|Any CPU.ActiveCfg = Release|Any CPU
		{50686B93-3474-44F4-A8F9-44C21D2DDB5E}.Release|Any CPU.Build.0 = Release|Any CPU
		{0B38082E-8795-407E-BCC9-963BF493FCE7}.Debug|Any CPU.ActiveCfg = Debug|Any CPU
		{0B38082E-8795-407E-BCC9-963BF493FCE7}.Debug|Any CPU.Build.0 = Debug|Any CPU
		{0B38082E-8795-407E-BCC9-963BF493FCE7}.Release|Any CPU.ActiveCfg = Release|Any CPU
		{0B38082E-8795-407E-BCC9-963BF493FCE7}.Release|Any CPU.Build.0 = Release|Any CPU
		{0192DEC6-4FC1-4C79-B38C-A7390EA067DE}.Debug|Any CPU.ActiveCfg = Debug|Any CPU
		{0192DEC6-4FC1-4C79-B38C-A7390EA067DE}.Debug|Any CPU.Build.0 = Debug|Any CPU
		{0192DEC6-4FC1-4C79-B38C-A7390EA067DE}.Release|Any CPU.ActiveCfg = Release|Any CPU
		{0192DEC6-4FC1-4C79-B38C-A7390EA067DE}.Release|Any CPU.Build.0 = Release|Any CPU
		{C150DE7B-99E2-44A1-B7F0-66D575F15182}.Debug|Any CPU.ActiveCfg = Debug|Any CPU
		{C150DE7B-99E2-44A1-B7F0-66D575F15182}.Debug|Any CPU.Build.0 = Debug|Any CPU
		{C150DE7B-99E2-44A1-B7F0-66D575F15182}.Release|Any CPU.ActiveCfg = Release|Any CPU
		{C150DE7B-99E2-44A1-B7F0-66D575F15182}.Release|Any CPU.Build.0 = Release|Any CPU
	EndGlobalSection
	GlobalSection(SolutionProperties) = preSolution
		HideSolutionNode = FALSE
	EndGlobalSection
	GlobalSection(NestedProjects) = preSolution
		{B6F7C5DB-F1F6-4E58-AEA5-D506DA6B0A36} = {08D39C2F-514E-43DC-9985-F0FC9D893540}
		{50686B93-3474-44F4-A8F9-44C21D2DDB5E} = {08D39C2F-514E-43DC-9985-F0FC9D893540}
		{0B38082E-8795-407E-BCC9-963BF493FCE7} = {1DF1DC95-32E6-4A38-867D-AE08398DC766}
		{0192DEC6-4FC1-4C79-B38C-A7390EA067DE} = {1DF1DC95-32E6-4A38-867D-AE08398DC766}
		{C150DE7B-99E2-44A1-B7F0-66D575F15182} = {1DF1DC95-32E6-4A38-867D-AE08398DC766}
	EndGlobalSection
	GlobalSection(ExtensibilityGlobals) = postSolution
		SolutionGuid = {BD83B3D0-2C03-42B7-97D9-21E19C01E215}
	EndGlobalSection
EndGlobal
